
Microsoft Visual Studio Solution File, Format Version 12.00
# Visual Studio 15
VisualStudioVersion = 15.0.28010.2036
MinimumVisualStudioVersion = 10.0.40219.1
Project("{888888A0-9F3D-457C-B088-3A5042F75D52}") = "P2P-client", "P2P-client\P2P-client.pyproj", "{FA4B4D44-B613-4F4D-849D-E6C8D2414150}"
EndProject
Global
	GlobalSection(SolutionConfigurationPlatforms) = preSolution
		Debug|Any CPU = Debug|Any CPU
		Release|Any CPU = Release|Any CPU
	EndGlobalSection
	GlobalSection(ProjectConfigurationPlatforms) = postSolution
		{FA4B4D44-B613-4F4D-849D-E6C8D2414150}.Debug|Any CPU.ActiveCfg = Debug|Any CPU
		{FA4B4D44-B613-4F4D-849D-E6C8D2414150}.Release|Any CPU.ActiveCfg = Release|Any CPU
	EndGlobalSection
	GlobalSection(SolutionProperties) = preSolution
		HideSolutionNode = FALSE
	EndGlobalSection
	GlobalSection(ExtensibilityGlobals) = postSolution
		SolutionGuid = {C6408A20-CF94-431F-BD8A-A28486BB862C}
	EndGlobalSection
EndGlobal
